
Microsoft Visual Studio Solution File, Format Version 12.00
# Visual Studio 2012
Project("{888888A0-9F3D-457C-B088-3A5042F75D52}") = "OpenCV_stop_motion", "OpenCV_stop_motion.pyproj", "{4FF81A18-70F0-46B5-AFF3-17EC0F20D4FE}"
EndProject
Global
	GlobalSection(SolutionConfigurationPlatforms) = preSolution
		Debug|Any CPU = Debug|Any CPU
		Release|Any CPU = Release|Any CPU
	EndGlobalSection
	GlobalSection(ProjectConfigurationPlatforms) = postSolution
		{4FF81A18-70F0-46B5-AFF3-17EC0F20D4FE}.Debug|Any CPU.ActiveCfg = Debug|Any CPU
		{4FF81A18-70F0-46B5-AFF3-17EC0F20D4FE}.Debug|Any CPU.Build.0 = Debug|Any CPU
		{4FF81A18-70F0-46B5-AFF3-17EC0F20D4FE}.Release|Any CPU.ActiveCfg = Release|Any CPU
		{4FF81A18-70F0-46B5-AFF3-17EC0F20D4FE}.Release|Any CPU.Build.0 = Release|Any CPU
	EndGlobalSection
	GlobalSection(SolutionProperties) = preSolution
		HideSolutionNode = FALSE
	EndGlobalSection
EndGlobal
